// !$*UTF8*$!
{
	archiveVersion = 1;
	classes = {
	};
	objectVersion = 55;
	objects = {

/* Begin PBXBuildFile section */
		BC2B60C0275161A600B16F28 /* AppDelegate.swift in Sources */ = {isa = PBXBuildFile; fileRef = BC2B60BF275161A600B16F28 /* AppDelegate.swift */; };
		BC2B60C4275161A600B16F28 /* ViewController.swift in Sources */ = {isa = PBXBuildFile; fileRef = BC2B60C3275161A600B16F28 /* ViewController.swift */; };
		BC2B60C7275161A600B16F28 /* Main.storyboard in Resources */ = {isa = PBXBuildFile; fileRef = BC2B60C5275161A600B16F28 /* Main.storyboard */; };
		BC2B60C9275161A900B16F28 /* Assets.xcassets in Resources */ = {isa = PBXBuildFile; fileRef = BC2B60C8275161A900B16F28 /* Assets.xcassets */; };
		BC2B60D8275164B700B16F28 /* CakeCollectionViewCell.swift in Sources */ = {isa = PBXBuildFile; fileRef = BC2B60D6275164B700B16F28 /* CakeCollectionViewCell.swift */; };
		BC2B60D9275164B700B16F28 /* CakeCollectionViewCell.xib in Resources */ = {isa = PBXBuildFile; fileRef = BC2B60D7275164B700B16F28 /* CakeCollectionViewCell.xib */; };
		BC2B60DD27516AF400B16F28 /* SplashScreen.storyboard in Resources */ = {isa = PBXBuildFile; fileRef = BC2B60DC27516AF400B16F28 /* SplashScreen.storyboard */; };
		BC2B60F82752612500B16F28 /* CakeListViewController.swift in Sources */ = {isa = PBXBuildFile; fileRef = BC2B60F62752612500B16F28 /* CakeListViewController.swift */; };
		BC2B60F92752612500B16F28 /* CakeListViewController.xib in Resources */ = {isa = PBXBuildFile; fileRef = BC2B60F72752612500B16F28 /* CakeListViewController.xib */; };
		BC2B60FD2752615F00B16F28 /* CakeListViewModel.swift in Sources */ = {isa = PBXBuildFile; fileRef = BC2B60FC2752615F00B16F28 /* CakeListViewModel.swift */; };
		BC2B6102275261BD00B16F28 /* CakeListModel.swift in Sources */ = {isa = PBXBuildFile; fileRef = BC2B6101275261BD00B16F28 /* CakeListModel.swift */; };
		BC2B6104275262A200B16F28 /* CakeItemDataOut.swift in Sources */ = {isa = PBXBuildFile; fileRef = BC2B6103275262A200B16F28 /* CakeItemDataOut.swift */; };
		BC2B6108275264AC00B16F28 /* CakeItemModel.swift in Sources */ = {isa = PBXBuildFile; fileRef = BC2B6107275264AC00B16F28 /* CakeItemModel.swift */; };
		BC2B610C27540F7A00B16F28 /* CakeListDataSource.swift in Sources */ = {isa = PBXBuildFile; fileRef = BC2B610B27540F7A00B16F28 /* CakeListDataSource.swift */; };
		BC2B610F2754108200B16F28 /* CakeListManager.swift in Sources */ = {isa = PBXBuildFile; fileRef = BC2B610E2754108200B16F28 /* CakeListManager.swift */; };
/* End PBXBuildFile section */

/* Begin PBXFileReference section */
		BC2B60BC275161A600B16F28 /* CakeFactory.app */ = {isa = PBXFileReference; explicitFileType = wrapper.application; includeInIndex = 0; path = CakeFactory.app; sourceTree = BUILT_PRODUCTS_DIR; };
		BC2B60BF275161A600B16F28 /* AppDelegate.swift */ = {isa = PBXFileReference; lastKnownFileType = sourcecode.swift; path = AppDelegate.swift; sourceTree = "<group>"; };
		BC2B60C3275161A600B16F28 /* ViewController.swift */ = {isa = PBXFileReference; lastKnownFileType = sourcecode.swift; path = ViewController.swift; sourceTree = "<group>"; };
		BC2B60C6275161A600B16F28 /* Base */ = {isa = PBXFileReference; lastKnownFileType = file.storyboard; name = Base; path = Base.lproj/Main.storyboard; sourceTree = "<group>"; };
		BC2B60C8275161A900B16F28 /* Assets.xcassets */ = {isa = PBXFileReference; lastKnownFileType = folder.assetcatalog; path = Assets.xcassets; sourceTree = "<group>"; };
		BC2B60CD275161A900B16F28 /* Info.plist */ = {isa = PBXFileReference; lastKnownFileType = text.plist.xml; path = Info.plist; sourceTree = "<group>"; };
		BC2B60D6275164B700B16F28 /* CakeCollectionViewCell.swift */ = {isa = PBXFileReference; lastKnownFileType = sourcecode.swift; path = CakeCollectionViewCell.swift; sourceTree = "<group>"; };
		BC2B60D7275164B700B16F28 /* CakeCollectionViewCell.xib */ = {isa = PBXFileReference; lastKnownFileType = file.xib; path = CakeCollectionViewCell.xib; sourceTree = "<group>"; };
		BC2B60DC27516AF400B16F28 /* SplashScreen.storyboard */ = {isa = PBXFileReference; lastKnownFileType = file.storyboard; path = SplashScreen.storyboard; sourceTree = "<group>"; };
		BC2B60F62752612500B16F28 /* CakeListViewController.swift */ = {isa = PBXFileReference; lastKnownFileType = sourcecode.swift; path = CakeListViewController.swift; sourceTree = "<group>"; };
		BC2B60F72752612500B16F28 /* CakeListViewController.xib */ = {isa = PBXFileReference; lastKnownFileType = file.xib; path = CakeListViewController.xib; sourceTree = "<group>"; };
		BC2B60FC2752615F00B16F28 /* CakeListViewModel.swift */ = {isa = PBXFileReference; lastKnownFileType = sourcecode.swift; path = CakeListViewModel.swift; sourceTree = "<group>"; };
		BC2B6101275261BD00B16F28 /* CakeListModel.swift */ = {isa = PBXFileReference; lastKnownFileType = sourcecode.swift; path = CakeListModel.swift; sourceTree = "<group>"; };
		BC2B6103275262A200B16F28 /* CakeItemDataOut.swift */ = {isa = PBXFileReference; lastKnownFileType = sourcecode.swift; path = CakeItemDataOut.swift; sourceTree = "<group>"; };
		BC2B6107275264AC00B16F28 /* CakeItemModel.swift */ = {isa = PBXFileReference; lastKnownFileType = sourcecode.swift; path = CakeItemModel.swift; sourceTree = "<group>"; };
		BC2B610B27540F7A00B16F28 /* CakeListDataSource.swift */ = {isa = PBXFileReference; lastKnownFileType = sourcecode.swift; path = CakeListDataSource.swift; sourceTree = "<group>"; };
		BC2B610E2754108200B16F28 /* CakeListManager.swift */ = {isa = PBXFileReference; lastKnownFileType = sourcecode.swift; path = CakeListManager.swift; sourceTree = "<group>"; };
/* End PBXFileReference section */

/* Begin PBXFrameworksBuildPhase section */
		BC2B60B9275161A600B16F28 /* Frameworks */ = {
			isa = PBXFrameworksBuildPhase;
			buildActionMask = 2147483647;
			files = (
			);
			runOnlyForDeploymentPostprocessing = 0;
		};
/* End PBXFrameworksBuildPhase section */

/* Begin PBXGroup section */
		BC2B60B3275161A600B16F28 = {
			isa = PBXGroup;
			children = (
				BC2B60BE275161A600B16F28 /* CakeFactory */,
				BC2B60BD275161A600B16F28 /* Products */,
			);
			sourceTree = "<group>";
		};
		BC2B60BD275161A600B16F28 /* Products */ = {
			isa = PBXGroup;
			children = (
				BC2B60BC275161A600B16F28 /* CakeFactory.app */,
			);
			name = Products;
			sourceTree = "<group>";
		};
		BC2B60BE275161A600B16F28 /* CakeFactory */ = {
			isa = PBXGroup;
			children = (
				BC2B60D5275162C600B16F28 /* Features */,
				BC2B60BF275161A600B16F28 /* AppDelegate.swift */,
				BC2B60C3275161A600B16F28 /* ViewController.swift */,
				BC2B60C5275161A600B16F28 /* Main.storyboard */,
				BC2B60C8275161A900B16F28 /* Assets.xcassets */,
				BC2B60CD275161A900B16F28 /* Info.plist */,
			);
			path = CakeFactory;
			sourceTree = "<group>";
		};
		BC2B60D5275162C600B16F28 /* Features */ = {
			isa = PBXGroup;
			children = (
				BC2B60E327516D0800B16F28 /* CakeList */,
				BC2B60E227516CFC00B16F28 /* Splash */,
			);
			path = Features;
			sourceTree = "<group>";
		};
		BC2B60E227516CFC00B16F28 /* Splash */ = {
			isa = PBXGroup;
			children = (
				BC2B60E727516DFA00B16F28 /* View */,
			);
			path = Splash;
			sourceTree = "<group>";
		};
		BC2B60E327516D0800B16F28 /* CakeList */ = {
			isa = PBXGroup;
			children = (
				BC2B60F3275260E300B16F28 /* View */,
				BC2B60F027524F5600B16F28 /* Data */,
				BC2B60EF27524F4000B16F28 /* Domain */,
			);
			path = CakeList;
			sourceTree = "<group>";
		};
		BC2B60E727516DFA00B16F28 /* View */ = {
			isa = PBXGroup;
			children = (
				BC2B60DC27516AF400B16F28 /* SplashScreen.storyboard */,
			);
			path = View;
			sourceTree = "<group>";
		};
		BC2B60EF27524F4000B16F28 /* Domain */ = {
			isa = PBXGroup;
			children = (
				BC2B6101275261BD00B16F28 /* CakeListModel.swift */,
				BC2B6107275264AC00B16F28 /* CakeItemModel.swift */,
				BC2B610E2754108200B16F28 /* CakeListManager.swift */,
			);
			path = Domain;
			sourceTree = "<group>";
		};
		BC2B60F027524F5600B16F28 /* Data */ = {
			isa = PBXGroup;
			children = (
				BC2B6103275262A200B16F28 /* CakeItemDataOut.swift */,
				BC2B610B27540F7A00B16F28 /* CakeListDataSource.swift */,
			);
			path = Data;
			sourceTree = "<group>";
		};
		BC2B60F3275260E300B16F28 /* View */ = {
			isa = PBXGroup;
			children = (
				BC2B60F4275260E900B16F28 /* Cell */,
				BC2B60F62752612500B16F28 /* CakeListViewController.swift */,
				BC2B60F72752612500B16F28 /* CakeListViewController.xib */,
				BC2B60FC2752615F00B16F28 /* CakeListViewModel.swift */,
			);
			path = View;
			sourceTree = "<group>";
		};
		BC2B60F4275260E900B16F28 /* Cell */ = {
			isa = PBXGroup;
			children = (
				BC2B60D6275164B700B16F28 /* CakeCollectionViewCell.swift */,
				BC2B60D7275164B700B16F28 /* CakeCollectionViewCell.xib */,
			);
			path = Cell;
			sourceTree = "<group>";
		};
/* End PBXGroup section */

/* Begin PBXNativeTarget section */
		BC2B60BB275161A600B16F28 /* CakeFactory */ = {
			isa = PBXNativeTarget;
			buildConfigurationList = BC2B60D0275161A900B16F28 /* Build configuration list for PBXNativeTarget "CakeFactory" */;
			buildPhases = (
				BC2B60B8275161A600B16F28 /* Sources */,
				BC2B60B9275161A600B16F28 /* Frameworks */,
				BC2B60BA275161A600B16F28 /* Resources */,
			);
			buildRules = (
			);
			dependencies = (
			);
			name = CakeFactory;
			productName = CakeFactory;
			productReference = BC2B60BC275161A600B16F28 /* CakeFactory.app */;
			productType = "com.apple.product-type.application";
		};
/* End PBXNativeTarget section */

/* Begin PBXProject section */
		BC2B60B4275161A600B16F28 /* Project object */ = {
			isa = PBXProject;
			attributes = {
				BuildIndependentTargetsInParallel = 1;
				LastSwiftUpdateCheck = 1300;
				LastUpgradeCheck = 1300;
				TargetAttributes = {
					BC2B60BB275161A600B16F28 = {
						CreatedOnToolsVersion = 13.0;
					};
				};
			};
			buildConfigurationList = BC2B60B7275161A600B16F28 /* Build configuration list for PBXProject "CakeFactory" */;
			compatibilityVersion = "Xcode 13.0";
			developmentRegion = en;
			hasScannedForEncodings = 0;
			knownRegions = (
				en,
				Base,
			);
			mainGroup = BC2B60B3275161A600B16F28;
			productRefGroup = BC2B60BD275161A600B16F28 /* Products */;
			projectDirPath = "";
			projectRoot = "";
			targets = (
				BC2B60BB275161A600B16F28 /* CakeFactory */,
			);
		};
/* End PBXProject section */

/* Begin PBXResourcesBuildPhase section */
		BC2B60BA275161A600B16F28 /* Resources */ = {
			isa = PBXResourcesBuildPhase;
			buildActionMask = 2147483647;
			files = (
				BC2B60C9275161A900B16F28 /* Assets.xcassets in Resources */,
				BC2B60D9275164B700B16F28 /* CakeCollectionViewCell.xib in Resources */,
				BC2B60C7275161A600B16F28 /* Main.storyboard in Resources */,
				BC2B60DD27516AF400B16F28 /* SplashScreen.storyboard in Resources */,
				BC2B60F92752612500B16F28 /* CakeListViewController.xib in Resources */,
			);
			runOnlyForDeploymentPostprocessing = 0;
		};
/* End PBXResourcesBuildPhase section */

/* Begin PBXSourcesBuildPhase section */
		BC2B60B8275161A600B16F28 /* Sources */ = {
			isa = PBXSourcesBuildPhase;
			buildActionMask = 2147483647;
			files = (
				BC2B60C4275161A600B16F28 /* ViewController.swift in Sources */,
				BC2B60C0275161A600B16F28 /* AppDelegate.swift in Sources */,
				BC2B60F82752612500B16F28 /* CakeListViewController.swift in Sources */,
				BC2B60D8275164B700B16F28 /* CakeCollectionViewCell.swift in Sources */,
				BC2B60FD2752615F00B16F28 /* CakeListViewModel.swift in Sources */,
				BC2B610F2754108200B16F28 /* CakeListManager.swift in Sources */,
				BC2B610C27540F7A00B16F28 /* CakeListDataSource.swift in Sources */,
				BC2B6108275264AC00B16F28 /* CakeItemModel.swift in Sources */,
				BC2B6102275261BD00B16F28 /* CakeListModel.swift in Sources */,
				BC2B6104275262A200B16F28 /* CakeItemDataOut.swift in Sources */,
			);
			runOnlyForDeploymentPostprocessing = 0;
		};
/* End PBXSourcesBuildPhase section */

/* Begin PBXVariantGroup section */
		BC2B60C5275161A600B16F28 /* Main.storyboard */ = {
			isa = PBXVariantGroup;
			children = (
				BC2B60C6275161A600B16F28 /* Base */,
			);
			name = Main.storyboard;
			sourceTree = "<group>";
		};
/* End PBXVariantGroup section */

/* Begin XCBuildConfiguration section */
		BC2B60CE275161A900B16F28 /* Debug */ = {
			isa = XCBuildConfiguration;
			buildSettings = {
				ALWAYS_SEARCH_USER_PATHS = NO;
				CLANG_ANALYZER_NONNULL = YES;
				CLANG_ANALYZER_NUMBER_OBJECT_CONVERSION = YES_AGGRESSIVE;
				CLANG_CXX_LANGUAGE_STANDARD = "gnu++17";
				CLANG_CXX_LIBRARY = "libc++";
				CLANG_ENABLE_MODULES = YES;
				CLANG_ENABLE_OBJC_ARC = YES;
				CLANG_ENABLE_OBJC_WEAK = YES;
				CLANG_WARN_BLOCK_CAPTURE_AUTORELEASING = YES;
				CLANG_WARN_BOOL_CONVERSION = YES;
				CLANG_WARN_COMMA = YES;
				CLANG_WARN_CONSTANT_CONVERSION = YES;
				CLANG_WARN_DEPRECATED_OBJC_IMPLEMENTATIONS = YES;
				CLANG_WARN_DIRECT_OBJC_ISA_USAGE = YES_ERROR;
				CLANG_WARN_DOCUMENTATION_COMMENTS = YES;
				CLANG_WARN_EMPTY_BODY = YES;
				CLANG_WARN_ENUM_CONVERSION = YES;
				CLANG_WARN_INFINITE_RECURSION = YES;
				CLANG_WARN_INT_CONVERSION = YES;
				CLANG_WARN_NON_LITERAL_NULL_CONVERSION = YES;
				CLANG_WARN_OBJC_IMPLICIT_RETAIN_SELF = YES;
				CLANG_WARN_OBJC_LITERAL_CONVERSION = YES;
				CLANG_WARN_OBJC_ROOT_CLASS = YES_ERROR;
				CLANG_WARN_QUOTED_INCLUDE_IN_FRAMEWORK_HEADER = YES;
				CLANG_WARN_RANGE_LOOP_ANALYSIS = YES;
				CLANG_WARN_STRICT_PROTOTYPES = YES;
				CLANG_WARN_SUSPICIOUS_MOVE = YES;
				CLANG_WARN_UNGUARDED_AVAILABILITY = YES_AGGRESSIVE;
				CLANG_WARN_UNREACHABLE_CODE = YES;
				CLANG_WARN__DUPLICATE_METHOD_MATCH = YES;
				COPY_PHASE_STRIP = NO;
				DEBUG_INFORMATION_FORMAT = dwarf;
				ENABLE_STRICT_OBJC_MSGSEND = YES;
				ENABLE_TESTABILITY = YES;
				GCC_C_LANGUAGE_STANDARD = gnu11;
				GCC_DYNAMIC_NO_PIC = NO;
				GCC_NO_COMMON_BLOCKS = YES;
				GCC_OPTIMIZATION_LEVEL = 0;
				GCC_PREPROCESSOR_DEFINITIONS = (
					"DEBUG=1",
					"$(inherited)",
				);
				GCC_WARN_64_TO_32_BIT_CONVERSION = YES;
				GCC_WARN_ABOUT_RETURN_TYPE = YES_ERROR;
				GCC_WARN_UNDECLARED_SELECTOR = YES;
				GCC_WARN_UNINITIALIZED_AUTOS = YES_AGGRESSIVE;
				GCC_WARN_UNUSED_FUNCTION = YES;
				GCC_WARN_UNUSED_VARIABLE = YES;
				IPHONEOS_DEPLOYMENT_TARGET = 15.0;
				MTL_ENABLE_DEBUG_INFO = INCLUDE_SOURCE;
				MTL_FAST_MATH = YES;
				ONLY_ACTIVE_ARCH = YES;
				SDKROOT = iphoneos;
				SWIFT_ACTIVE_COMPILATION_CONDITIONS = DEBUG;
				SWIFT_OPTIMIZATION_LEVEL = "-Onone";
			};
			name = Debug;
		};
		BC2B60CF275161A900B16F28 /* Release */ = {
			isa = XCBuildConfiguration;
			buildSettings = {
				ALWAYS_SEARCH_USER_PATHS = NO;
				CLANG_ANALYZER_NONNULL = YES;
				CLANG_ANALYZER_NUMBER_OBJECT_CONVERSION = YES_AGGRESSIVE;
				CLANG_CXX_LANGUAGE_STANDARD = "gnu++17";
				CLANG_CXX_LIBRARY = "libc++";
				CLANG_ENABLE_MODULES = YES;
				CLANG_ENABLE_OBJC_ARC = YES;
				CLANG_ENABLE_OBJC_WEAK = YES;
				CLANG_WARN_BLOCK_CAPTURE_AUTORELEASING = YES;
				CLANG_WARN_BOOL_CONVERSION = YES;
				CLANG_WARN_COMMA = YES;
				CLANG_WARN_CONSTANT_CONVERSION = YES;
				CLANG_WARN_DEPRECATED_OBJC_IMPLEMENTATIONS = YES;
				CLANG_WARN_DIRECT_OBJC_ISA_USAGE = YES_ERROR;
				CLANG_WARN_DOCUMENTATION_COMMENTS = YES;
				CLANG_WARN_EMPTY_BODY = YES;
				CLANG_WARN_ENUM_CONVERSION = YES;
				CLANG_WARN_INFINITE_RECURSION = YES;
				CLANG_WARN_INT_CONVERSION = YES;
				CLANG_WARN_NON_LITERAL_NULL_CONVERSION = YES;
				CLANG_WARN_OBJC_IMPLICIT_RETAIN_SELF = YES;
				CLANG_WARN_OBJC_LITERAL_CONVERSION = YES;
				CLANG_WARN_OBJC_ROOT_CLASS = YES_ERROR;
				CLANG_WARN_QUOTED_INCLUDE_IN_FRAMEWORK_HEADER = YES;
				CLANG_WARN_RANGE_LOOP_ANALYSIS = YES;
				CLANG_WARN_STRICT_PROTOTYPES = YES;
				CLANG_WARN_SUSPICIOUS_MOVE = YES;
				CLANG_WARN_UNGUARDED_AVAILABILITY = YES_AGGRESSIVE;
				CLANG_WARN_UNREACHABLE_CODE = YES;
				CLANG_WARN__DUPLICATE_METHOD_MATCH = YES;
				COPY_PHASE_STRIP = NO;
				DEBUG_INFORMATION_FORMAT = "dwarf-with-dsym";
				ENABLE_NS_ASSERTIONS = NO;
				ENABLE_STRICT_OBJC_MSGSEND = YES;
				GCC_C_LANGUAGE_STANDARD = gnu11;
				GCC_NO_COMMON_BLOCKS = YES;
				GCC_WARN_64_TO_32_BIT_CONVERSION = YES;
				GCC_WARN_ABOUT_RETURN_TYPE = YES_ERROR;
				GCC_WARN_UNDECLARED_SELECTOR = YES;
				GCC_WARN_UNINITIALIZED_AUTOS = YES_AGGRESSIVE;
				GCC_WARN_UNUSED_FUNCTION = YES;
				GCC_WARN_UNUSED_VARIABLE = YES;
				IPHONEOS_DEPLOYMENT_TARGET = 15.0;
				MTL_ENABLE_DEBUG_INFO = NO;
				MTL_FAST_MATH = YES;
				SDKROOT = iphoneos;
				SWIFT_COMPILATION_MODE = wholemodule;
				SWIFT_OPTIMIZATION_LEVEL = "-O";
				VALIDATE_PRODUCT = YES;
			};
			name = Release;
		};
		BC2B60D1275161A900B16F28 /* Debug */ = {
			isa = XCBuildConfiguration;
			buildSettings = {
				ASSETCATALOG_COMPILER_APPICON_NAME = AppIcon;
				ASSETCATALOG_COMPILER_GLOBAL_ACCENT_COLOR_NAME = AccentColor;
				CODE_SIGN_STYLE = Automatic;
				CURRENT_PROJECT_VERSION = 1;
				DEVELOPMENT_TEAM = 4QM99W37M3;
				GENERATE_INFOPLIST_FILE = YES;
				INFOPLIST_FILE = CakeFactory/Info.plist;
				INFOPLIST_KEY_UIApplicationSupportsIndirectInputEvents = YES;
				INFOPLIST_KEY_UILaunchStoryboardName = SplashScreen;
				INFOPLIST_KEY_UISupportedInterfaceOrientations_iPad = "UIInterfaceOrientationPortrait UIInterfaceOrientationPortraitUpsideDown UIInterfaceOrientationLandscapeLeft UIInterfaceOrientationLandscapeRight";
				INFOPLIST_KEY_UISupportedInterfaceOrientations_iPhone = "UIInterfaceOrientationPortrait UIInterfaceOrientationLandscapeLeft UIInterfaceOrientationLandscapeRight";
				LD_RUNPATH_SEARCH_PATHS = (
					"$(inherited)",
					"@executable_path/Frameworks",
				);
				MARKETING_VERSION = 1.0;
				PRODUCT_BUNDLE_IDENTIFIER = com.mariluzparejo.CakeFactoryTest;
				PRODUCT_NAME = "$(TARGET_NAME)";
				SWIFT_EMIT_LOC_STRINGS = YES;
				SWIFT_VERSION = 5.0;
				TARGETED_DEVICE_FAMILY = "1,2";
			};
			name = Debug;
		};
		BC2B60D2275161A900B16F28 /* Release */ = {
			isa = XCBuildConfiguration;
			buildSettings = {
				ASSETCATALOG_COMPILER_APPICON_NAME = AppIcon;
				ASSETCATALOG_COMPILER_GLOBAL_ACCENT_COLOR_NAME = AccentColor;
				CODE_SIGN_STYLE = Automatic;
				CURRENT_PROJECT_VERSION = 1;
				DEVELOPMENT_TEAM = 4QM99W37M3;
				GENERATE_INFOPLIST_FILE = YES;
				INFOPLIST_FILE = CakeFactory/Info.plist;
				INFOPLIST_KEY_UIApplicationSupportsIndirectInputEvents = YES;
				INFOPLIST_KEY_UILaunchStoryboardName = SplashScreen;
				INFOPLIST_KEY_UISupportedInterfaceOrientations_iPad = "UIInterfaceOrientationPortrait UIInterfaceOrientationPortraitUpsideDown UIInterfaceOrientationLandscapeLeft UIInterfaceOrientationLandscapeRight";
				INFOPLIST_KEY_UISupportedInterfaceOrientations_iPhone = "UIInterfaceOrientationPortrait UIInterfaceOrientationLandscapeLeft UIInterfaceOrientationLandscapeRight";
				LD_RUNPATH_SEARCH_PATHS = (
					"$(inherited)",
					"@executable_path/Frameworks",
				);
				MARKETING_VERSION = 1.0;
				PRODUCT_BUNDLE_IDENTIFIER = com.mariluzparejo.CakeFactoryTest;
				PRODUCT_NAME = "$(TARGET_NAME)";
				SWIFT_EMIT_LOC_STRINGS = YES;
				SWIFT_VERSION = 5.0;
				TARGETED_DEVICE_FAMILY = "1,2";
			};
			name = Release;
		};
/* End XCBuildConfiguration section */

/* Begin XCConfigurationList section */
		BC2B60B7275161A600B16F28 /* Build configuration list for PBXProject "CakeFactory" */ = {
			isa = XCConfigurationList;
			buildConfigurations = (
				BC2B60CE275161A900B16F28 /* Debug */,
				BC2B60CF275161A900B16F28 /* Release */,
			);
			defaultConfigurationIsVisible = 0;
			defaultConfigurationName = Release;
		};
		BC2B60D0275161A900B16F28 /* Build configuration list for PBXNativeTarget "CakeFactory" */ = {
			isa = XCConfigurationList;
			buildConfigurations = (
				BC2B60D1275161A900B16F28 /* Debug */,
				BC2B60D2275161A900B16F28 /* Release */,
			);
			defaultConfigurationIsVisible = 0;
			defaultConfigurationName = Release;
		};
/* End XCConfigurationList section */
	};
	rootObject = BC2B60B4275161A600B16F28 /* Project object */;
}
